# This file is autogenerated, do not edit; changes may be undone by the next 'dep ensure'.


[[projects]]
  branch = "master"
  digest = "1:449487f926a1d489d0239c744edfb394e8a3e7f13ddad7f605fbec96db0b7929"
  name = "github.com/kevinwubert/go-simple-score"
  packages = [
    "pkg/score",
    "pkg/server",
  ]
  pruneopts = "UT"
  revision = "c891b7c84c7005d567cafb85664f3f2c2b2e9191"

[[projects]]
  digest = "1:0a69a1c0db3591fcefb47f115b224592c8dfa4368b7ba9fae509d5e16cdc95c8"
  name = "github.com/konsorten/go-windows-terminal-sequences"
  packages = ["."]
  pruneopts = "UT"
  revision = "5c8c8bd35d3832f5d134ae1e1e375b69a4d25242"
  version = "v1.0.1"

[[projects]]
  digest = "1:3f53e9e4dfbb664cd62940c9c4b65a2171c66acd0b7621a1a6b8e78513525a52"
  name = "github.com/sirupsen/logrus"
  packages = ["."]
  pruneopts = "UT"
  revision = "ad15b42461921f1fb3529b058c6786c6a45d5162"
  version = "v1.1.1"

[[projects]]
  branch = "master"
  digest = "1:42c7e30272119bd61cee83d6448f31bcb408799a5e1802edc53cec1378e19941"
  name = "golang.org/x/crypto"
  packages = [
    "acme",
    "acme/autocert",
    "ssh/terminal",
  ]
  pruneopts = "UT"
  revision = "0c41d7ab0a0ee717d4590a44bcb987dfd9e183eb"

[[projects]]
  branch = "master"
  digest = "1:899c684138eb2844811b7f97e264d3c65d533dbedc59549fa58fc2bf316f83a1"
  name = "golang.org/x/sys"
  packages = [
    "unix",
    "windows",
  ]
  pruneopts = "UT"
  revision = "44b849a8bc13eb42e95e6c6c5e360481b73ec710"

[solve-meta]
  analyzer-name = "dep"
  analyzer-version = 1
  input-imports = [
    "github.com/kevinwubert/go-simple-score/pkg/server",
    "golang.org/x/crypto/acme/autocert",
  ]
  solver-name = "gps-cdcl"
  solver-version = 1
